// !$*UTF8*$!
{
	archiveVersion = 1;
	classes = {
	};
	objectVersion = 46;
	objects = {

/* Begin PBXBuildFile section */
		FA0E70721E82BCD2001D334D /* iTunesArtwork in Resources */ = {isa = PBXBuildFile; fileRef = FA0E70701E82BCD2001D334D /* iTunesArtwork */; };
		FA0E70731E82BCD2001D334D /* iTunesArtwork@2x in Resources */ = {isa = PBXBuildFile; fileRef = FA0E70711E82BCD2001D334D /* iTunesArtwork@2x */; };
		FA29EB941E5E4232001DFE8C /* SearchCriteria.swift in Sources */ = {isa = PBXBuildFile; fileRef = FA29EB931E5E4232001DFE8C /* SearchCriteria.swift */; };
		FA6AEC0E1E5BED2B00222F9E /* IndexViewController.swift in Sources */ = {isa = PBXBuildFile; fileRef = FA6AEC0B1E5BED2B00222F9E /* IndexViewController.swift */; };
		FA6AEC0F1E5BED2B00222F9E /* ProductViewController.swift in Sources */ = {isa = PBXBuildFile; fileRef = FA6AEC0C1E5BED2B00222F9E /* ProductViewController.swift */; };
		FA6AEC101E5BED2B00222F9E /* SearchViewController.swift in Sources */ = {isa = PBXBuildFile; fileRef = FA6AEC0D1E5BED2B00222F9E /* SearchViewController.swift */; };
		FA6AEC121E5BED5B00222F9E /* ProductsViewController.swift in Sources */ = {isa = PBXBuildFile; fileRef = FA6AEC111E5BED5B00222F9E /* ProductsViewController.swift */; };
		FA6AEC151E5C8CE800222F9E /* Localizable.strings in Resources */ = {isa = PBXBuildFile; fileRef = FA6AEC131E5C8CE800222F9E /* Localizable.strings */; };
		FA6B7BD01E772740005DAE67 /* EGKit.framework in Frameworks */ = {isa = PBXBuildFile; fileRef = FA6B7BCF1E772740005DAE67 /* EGKit.framework */; };
		FA6B7BD11E772740005DAE67 /* EGKit.framework in Embed Frameworks */ = {isa = PBXBuildFile; fileRef = FA6B7BCF1E772740005DAE67 /* EGKit.framework */; settings = {ATTRIBUTES = (CodeSignOnCopy, RemoveHeadersOnCopy, ); }; };
		FA747AAD1E7DA1CD00731879 /* Sort.swift in Sources */ = {isa = PBXBuildFile; fileRef = FA747AAC1E7DA1CD00731879 /* Sort.swift */; };
		FAC253481E4D364F00E96896 /* AppDelegate.swift in Sources */ = {isa = PBXBuildFile; fileRef = FAC253471E4D364F00E96896 /* AppDelegate.swift */; };
		FAC2534F1E4D364F00E96896 /* Main.storyboard in Resources */ = {isa = PBXBuildFile; fileRef = FAC2534D1E4D364F00E96896 /* Main.storyboard */; };
		FAC253511E4D365000E96896 /* Assets.xcassets in Resources */ = {isa = PBXBuildFile; fileRef = FAC253501E4D365000E96896 /* Assets.xcassets */; };
		FAC253541E4D365000E96896 /* LaunchScreen.storyboard in Resources */ = {isa = PBXBuildFile; fileRef = FAC253521E4D365000E96896 /* LaunchScreen.storyboard */; };
		FAC253611E4E62FE00E96896 /* DataManager.swift in Sources */ = {isa = PBXBuildFile; fileRef = FAC253601E4E62FE00E96896 /* DataManager.swift */; };
		FAC253631E4E694400E96896 /* Beverage.swift in Sources */ = {isa = PBXBuildFile; fileRef = FAC253621E4E694400E96896 /* Beverage.swift */; };
		FAC2536A1E4E6EB200E96896 /* beverages.plist in Resources */ = {isa = PBXBuildFile; fileRef = FAC253661E4E6EB200E96896 /* beverages.plist */; };
		FAC2536B1E4E6EB200E96896 /* confectionery.plist in Resources */ = {isa = PBXBuildFile; fileRef = FAC253681E4E6EB200E96896 /* confectionery.plist */; };
		FAC2536D1E51324B00E96896 /* Confectionery.swift in Sources */ = {isa = PBXBuildFile; fileRef = FAC2536C1E51324B00E96896 /* Confectionery.swift */; };
		FAC2536F1E51339900E96896 /* Product.swift in Sources */ = {isa = PBXBuildFile; fileRef = FAC2536E1E51339900E96896 /* Product.swift */; };
		FAC253741E520CC700E96896 /* HomeSplitViewController.swift in Sources */ = {isa = PBXBuildFile; fileRef = FAC253731E520CC700E96896 /* HomeSplitViewController.swift */; };
		FAC253871E565FC000E96896 /* MoreViewController.swift in Sources */ = {isa = PBXBuildFile; fileRef = FAC253861E565FC000E96896 /* MoreViewController.swift */; };
		FAC253891E587B1E00E96896 /* ExpertsViewController.swift in Sources */ = {isa = PBXBuildFile; fileRef = FAC253881E587B1E00E96896 /* ExpertsViewController.swift */; };
		FAC2538D1E5B420900E96896 /* ProductType.swift in Sources */ = {isa = PBXBuildFile; fileRef = FAC2538C1E5B420900E96896 /* ProductType.swift */; };
/* End PBXBuildFile section */

/* Begin PBXCopyFilesBuildPhase section */
		FA6B7BD21E772740005DAE67 /* Embed Frameworks */ = {
			isa = PBXCopyFilesBuildPhase;
			buildActionMask = 2147483647;
			dstPath = "";
			dstSubfolderSpec = 10;
			files = (
				FA6B7BD11E772740005DAE67 /* EGKit.framework in Embed Frameworks */,
			);
			name = "Embed Frameworks";
			runOnlyForDeploymentPostprocessing = 0;
		};
/* End PBXCopyFilesBuildPhase section */

/* Begin PBXFileReference section */
		FA0E70701E82BCD2001D334D /* iTunesArtwork */ = {isa = PBXFileReference; lastKnownFileType = file; path = iTunesArtwork; sourceTree = "<group>"; };
		FA0E70711E82BCD2001D334D /* iTunesArtwork@2x */ = {isa = PBXFileReference; lastKnownFileType = file; path = "iTunesArtwork@2x"; sourceTree = "<group>"; };
		FA29EB931E5E4232001DFE8C /* SearchCriteria.swift */ = {isa = PBXFileReference; fileEncoding = 4; lastKnownFileType = sourcecode.swift; path = SearchCriteria.swift; sourceTree = "<group>"; };
		FA6AEC0B1E5BED2B00222F9E /* IndexViewController.swift */ = {isa = PBXFileReference; fileEncoding = 4; lastKnownFileType = sourcecode.swift; name = IndexViewController.swift; path = Products/IndexViewController.swift; sourceTree = "<group>"; };
		FA6AEC0C1E5BED2B00222F9E /* ProductViewController.swift */ = {isa = PBXFileReference; fileEncoding = 4; lastKnownFileType = sourcecode.swift; name = ProductViewController.swift; path = Products/ProductViewController.swift; sourceTree = "<group>"; };
		FA6AEC0D1E5BED2B00222F9E /* SearchViewController.swift */ = {isa = PBXFileReference; fileEncoding = 4; lastKnownFileType = sourcecode.swift; name = SearchViewController.swift; path = Products/SearchViewController.swift; sourceTree = "<group>"; };
		FA6AEC111E5BED5B00222F9E /* ProductsViewController.swift */ = {isa = PBXFileReference; fileEncoding = 4; lastKnownFileType = sourcecode.swift; name = ProductsViewController.swift; path = Products/ProductsViewController.swift; sourceTree = "<group>"; };
		FA6AEC141E5C8CE800222F9E /* Base */ = {isa = PBXFileReference; lastKnownFileType = text.plist.strings; name = Base; path = Base.lproj/Localizable.strings; sourceTree = "<group>"; };
		FA6B7BCF1E772740005DAE67 /* EGKit.framework */ = {isa = PBXFileReference; explicitFileType = wrapper.framework; path = EGKit.framework; sourceTree = BUILT_PRODUCTS_DIR; };
		FA747AAC1E7DA1CD00731879 /* Sort.swift */ = {isa = PBXFileReference; fileEncoding = 4; lastKnownFileType = sourcecode.swift; path = Sort.swift; sourceTree = "<group>"; };
		FAC253441E4D364F00E96896 /* Ingredion.app */ = {isa = PBXFileReference; explicitFileType = wrapper.application; includeInIndex = 0; path = Ingredion.app; sourceTree = BUILT_PRODUCTS_DIR; };
		FAC253471E4D364F00E96896 /* AppDelegate.swift */ = {isa = PBXFileReference; lastKnownFileType = sourcecode.swift; path = AppDelegate.swift; sourceTree = "<group>"; };
		FAC2534E1E4D364F00E96896 /* Base */ = {isa = PBXFileReference; lastKnownFileType = file.storyboard; name = Base; path = Base.lproj/Main.storyboard; sourceTree = "<group>"; };
		FAC253501E4D365000E96896 /* Assets.xcassets */ = {isa = PBXFileReference; lastKnownFileType = folder.assetcatalog; path = Assets.xcassets; sourceTree = "<group>"; };
		FAC253531E4D365000E96896 /* Base */ = {isa = PBXFileReference; lastKnownFileType = file.storyboard; name = Base; path = Base.lproj/LaunchScreen.storyboard; sourceTree = "<group>"; };
		FAC253551E4D365000E96896 /* Info.plist */ = {isa = PBXFileReference; lastKnownFileType = text.plist.xml; path = Info.plist; sourceTree = "<group>"; };
		FAC253601E4E62FE00E96896 /* DataManager.swift */ = {isa = PBXFileReference; fileEncoding = 4; lastKnownFileType = sourcecode.swift; path = DataManager.swift; sourceTree = "<group>"; };
		FAC253621E4E694400E96896 /* Beverage.swift */ = {isa = PBXFileReference; fileEncoding = 4; lastKnownFileType = sourcecode.swift; path = Beverage.swift; sourceTree = "<group>"; };
		FAC253671E4E6EB200E96896 /* en */ = {isa = PBXFileReference; lastKnownFileType = text.plist.xml; name = en; path = en.lproj/beverages.plist; sourceTree = "<group>"; };
		FAC253691E4E6EB200E96896 /* en */ = {isa = PBXFileReference; lastKnownFileType = text.plist.xml; name = en; path = en.lproj/confectionery.plist; sourceTree = "<group>"; };
		FAC2536C1E51324B00E96896 /* Confectionery.swift */ = {isa = PBXFileReference; fileEncoding = 4; lastKnownFileType = sourcecode.swift; path = Confectionery.swift; sourceTree = "<group>"; };
		FAC2536E1E51339900E96896 /* Product.swift */ = {isa = PBXFileReference; fileEncoding = 4; lastKnownFileType = sourcecode.swift; path = Product.swift; sourceTree = "<group>"; };
		FAC253731E520CC700E96896 /* HomeSplitViewController.swift */ = {isa = PBXFileReference; fileEncoding = 4; lastKnownFileType = sourcecode.swift; path = HomeSplitViewController.swift; sourceTree = "<group>"; };
		FAC253861E565FC000E96896 /* MoreViewController.swift */ = {isa = PBXFileReference; fileEncoding = 4; lastKnownFileType = sourcecode.swift; name = MoreViewController.swift; path = More/MoreViewController.swift; sourceTree = "<group>"; };
		FAC253881E587B1E00E96896 /* ExpertsViewController.swift */ = {isa = PBXFileReference; fileEncoding = 4; lastKnownFileType = sourcecode.swift; name = ExpertsViewController.swift; path = More/ExpertsViewController.swift; sourceTree = "<group>"; };
		FAC2538C1E5B420900E96896 /* ProductType.swift */ = {isa = PBXFileReference; fileEncoding = 4; lastKnownFileType = sourcecode.swift; path = ProductType.swift; sourceTree = "<group>"; };
/* End PBXFileReference section */

/* Begin PBXFrameworksBuildPhase section */
		FAC253411E4D364F00E96896 /* Frameworks */ = {
			isa = PBXFrameworksBuildPhase;
			buildActionMask = 2147483647;
			files = (
				FA6B7BD01E772740005DAE67 /* EGKit.framework in Frameworks */,
			);
			runOnlyForDeploymentPostprocessing = 0;
		};
/* End PBXFrameworksBuildPhase section */

/* Begin PBXGroup section */
		FA6AEC0A1E5BECDF00222F9E /* Products */ = {
			isa = PBXGroup;
			children = (
				FA6AEC0B1E5BED2B00222F9E /* IndexViewController.swift */,
				FA6AEC0C1E5BED2B00222F9E /* ProductViewController.swift */,
				FA6AEC111E5BED5B00222F9E /* ProductsViewController.swift */,
				FA6AEC0D1E5BED2B00222F9E /* SearchViewController.swift */,
			);
			name = Products;
			sourceTree = "<group>";
		};
		FA89161E1E632B5A00F7FC88 /* Frameworks */ = {
			isa = PBXGroup;
			children = (
				FA6B7BCF1E772740005DAE67 /* EGKit.framework */,
			);
			name = Frameworks;
			sourceTree = "<group>";
		};
		FAC2533B1E4D364F00E96896 = {
			isa = PBXGroup;
			children = (
				FAC253461E4D364F00E96896 /* Ingredion */,
				FAC253451E4D364F00E96896 /* Products */,
				FA89161E1E632B5A00F7FC88 /* Frameworks */,
			);
			sourceTree = "<group>";
		};
		FAC253451E4D364F00E96896 /* Products */ = {
			isa = PBXGroup;
			children = (
				FAC253441E4D364F00E96896 /* Ingredion.app */,
			);
			name = Products;
			sourceTree = "<group>";
		};
		FAC253461E4D364F00E96896 /* Ingredion */ = {
			isa = PBXGroup;
			children = (
				FAC2535B1E4D6E6D00E96896 /* Classes */,
				FAC253651E4E6EA400E96896 /* Data */,
				FAC253471E4D364F00E96896 /* AppDelegate.swift */,
				FAC2534D1E4D364F00E96896 /* Main.storyboard */,
				FAC253521E4D365000E96896 /* LaunchScreen.storyboard */,
				FA6AEC131E5C8CE800222F9E /* Localizable.strings */,
				FAC253501E4D365000E96896 /* Assets.xcassets */,
				FAC253551E4D365000E96896 /* Info.plist */,
				FA0E70701E82BCD2001D334D /* iTunesArtwork */,
				FA0E70711E82BCD2001D334D /* iTunesArtwork@2x */,
			);
			path = Ingredion;
			sourceTree = "<group>";
		};
		FAC2535B1E4D6E6D00E96896 /* Classes */ = {
			isa = PBXGroup;
			children = (
				FAC2535C1E4D6E6D00E96896 /* Model */,
				FAC2535D1E4D6E6D00E96896 /* View */,
			);
			path = Classes;
			sourceTree = "<group>";
		};
		FAC2535C1E4D6E6D00E96896 /* Model */ = {
			isa = PBXGroup;
			children = (
				FAC253621E4E694400E96896 /* Beverage.swift */,
				FAC2536C1E51324B00E96896 /* Confectionery.swift */,
				FAC253601E4E62FE00E96896 /* DataManager.swift */,
				FAC2536E1E51339900E96896 /* Product.swift */,
				FAC2538C1E5B420900E96896 /* ProductType.swift */,
				FA29EB931E5E4232001DFE8C /* SearchCriteria.swift */,
				FA747AAC1E7DA1CD00731879 /* Sort.swift */,
			);
			path = Model;
			sourceTree = "<group>";
		};
		FAC2535D1E4D6E6D00E96896 /* View */ = {
			isa = PBXGroup;
			children = (
				FA6AEC0A1E5BECDF00222F9E /* Products */,
				FAC253851E565FA900E96896 /* More */,
				FAC253731E520CC700E96896 /* HomeSplitViewController.swift */,
			);
			path = View;
			sourceTree = "<group>";
		};
		FAC253651E4E6EA400E96896 /* Data */ = {
			isa = PBXGroup;
			children = (
				FAC253661E4E6EB200E96896 /* beverages.plist */,
				FAC253681E4E6EB200E96896 /* confectionery.plist */,
			);
			name = Data;
			sourceTree = "<group>";
		};
		FAC253851E565FA900E96896 /* More */ = {
			isa = PBXGroup;
			children = (
				FAC253861E565FC000E96896 /* MoreViewController.swift */,
				FAC253881E587B1E00E96896 /* ExpertsViewController.swift */,
			);
			name = More;
			sourceTree = "<group>";
		};
/* End PBXGroup section */

/* Begin PBXNativeTarget section */
		FAC253431E4D364F00E96896 /* Ingredion */ = {
			isa = PBXNativeTarget;
			buildConfigurationList = FAC253581E4D365000E96896 /* Build configuration list for PBXNativeTarget "Ingredion" */;
			buildPhases = (
				FAC253401E4D364F00E96896 /* Sources */,
				FAC253411E4D364F00E96896 /* Frameworks */,
				FAC253421E4D364F00E96896 /* Resources */,
				FA6B7BD21E772740005DAE67 /* Embed Frameworks */,
			);
			buildRules = (
			);
			dependencies = (
			);
			name = Ingredion;
			productName = Ingredion;
			productReference = FAC253441E4D364F00E96896 /* Ingredion.app */;
			productType = "com.apple.product-type.application";
		};
/* End PBXNativeTarget section */

/* Begin PBXProject section */
		FAC2533C1E4D364F00E96896 /* Project object */ = {
			isa = PBXProject;
			attributes = {
				LastSwiftUpdateCheck = 0820;
				LastUpgradeCheck = 0820;
				ORGANIZATIONNAME = "Executive Graphics";
				TargetAttributes = {
					FAC253431E4D364F00E96896 = {
						CreatedOnToolsVersion = 8.2.1;
						DevelopmentTeam = MZT79G64Z7;
						ProvisioningStyle = Automatic;
					};
				};
			};
			buildConfigurationList = FAC2533F1E4D364F00E96896 /* Build configuration list for PBXProject "Ingredion" */;
			compatibilityVersion = "Xcode 3.2";
			developmentRegion = English;
			hasScannedForEncodings = 0;
			knownRegions = (
				en,
				Base,
			);
			mainGroup = FAC2533B1E4D364F00E96896;
			productRefGroup = FAC253451E4D364F00E96896 /* Products */;
			projectDirPath = "";
			projectRoot = "";
			targets = (
				FAC253431E4D364F00E96896 /* Ingredion */,
			);
		};
/* End PBXProject section */

/* Begin PBXResourcesBuildPhase section */
		FAC253421E4D364F00E96896 /* Resources */ = {
			isa = PBXResourcesBuildPhase;
			buildActionMask = 2147483647;
			files = (
				FAC253541E4D365000E96896 /* LaunchScreen.storyboard in Resources */,
				FA6AEC151E5C8CE800222F9E /* Localizable.strings in Resources */,
				FA0E70721E82BCD2001D334D /* iTunesArtwork in Resources */,
				FAC2536A1E4E6EB200E96896 /* beverages.plist in Resources */,
				FA0E70731E82BCD2001D334D /* iTunesArtwork@2x in Resources */,
				FAC2536B1E4E6EB200E96896 /* confectionery.plist in Resources */,
				FAC253511E4D365000E96896 /* Assets.xcassets in Resources */,
				FAC2534F1E4D364F00E96896 /* Main.storyboard in Resources */,
			);
			runOnlyForDeploymentPostprocessing = 0;
		};
/* End PBXResourcesBuildPhase section */

/* Begin PBXSourcesBuildPhase section */
		FAC253401E4D364F00E96896 /* Sources */ = {
			isa = PBXSourcesBuildPhase;
			buildActionMask = 2147483647;
			files = (
				FAC253871E565FC000E96896 /* MoreViewController.swift in Sources */,
				FAC253631E4E694400E96896 /* Beverage.swift in Sources */,
				FA6AEC101E5BED2B00222F9E /* SearchViewController.swift in Sources */,
				FAC253741E520CC700E96896 /* HomeSplitViewController.swift in Sources */,
				FAC2536F1E51339900E96896 /* Product.swift in Sources */,
				FA6AEC121E5BED5B00222F9E /* ProductsViewController.swift in Sources */,
				FA6AEC0F1E5BED2B00222F9E /* ProductViewController.swift in Sources */,
				FA29EB941E5E4232001DFE8C /* SearchCriteria.swift in Sources */,
				FA747AAD1E7DA1CD00731879 /* Sort.swift in Sources */,
				FAC253611E4E62FE00E96896 /* DataManager.swift in Sources */,
				FAC2536D1E51324B00E96896 /* Confectionery.swift in Sources */,
				FAC253481E4D364F00E96896 /* AppDelegate.swift in Sources */,
				FAC253891E587B1E00E96896 /* ExpertsViewController.swift in Sources */,
				FAC2538D1E5B420900E96896 /* ProductType.swift in Sources */,
				FA6AEC0E1E5BED2B00222F9E /* IndexViewController.swift in Sources */,
			);
			runOnlyForDeploymentPostprocessing = 0;
		};
/* End PBXSourcesBuildPhase section */

/* Begin PBXVariantGroup section */
		FA6AEC131E5C8CE800222F9E /* Localizable.strings */ = {
			isa = PBXVariantGroup;
			children = (
				FA6AEC141E5C8CE800222F9E /* Base */,
			);
			name = Localizable.strings;
			sourceTree = "<group>";
		};
		FAC2534D1E4D364F00E96896 /* Main.storyboard */ = {
			isa = PBXVariantGroup;
			children = (
				FAC2534E1E4D364F00E96896 /* Base */,
			);
			name = Main.storyboard;
			sourceTree = "<group>";
		};
		FAC253521E4D365000E96896 /* LaunchScreen.storyboard */ = {
			isa = PBXVariantGroup;
			children = (
				FAC253531E4D365000E96896 /* Base */,
			);
			name = LaunchScreen.storyboard;
			sourceTree = "<group>";
		};
		FAC253661E4E6EB200E96896 /* beverages.plist */ = {
			isa = PBXVariantGroup;
			children = (
				FAC253671E4E6EB200E96896 /* en */,
			);
			name = beverages.plist;
			sourceTree = "<group>";
		};
		FAC253681E4E6EB200E96896 /* confectionery.plist */ = {
			isa = PBXVariantGroup;
			children = (
				FAC253691E4E6EB200E96896 /* en */,
			);
			name = confectionery.plist;
			sourceTree = "<group>";
		};
/* End PBXVariantGroup section */

/* Begin XCBuildConfiguration section */
		FAC253561E4D365000E96896 /* Debug */ = {
			isa = XCBuildConfiguration;
			buildSettings = {
				ALWAYS_SEARCH_USER_PATHS = NO;
				CLANG_ANALYZER_NONNULL = YES;
				CLANG_CXX_LANGUAGE_STANDARD = "gnu++0x";
				CLANG_CXX_LIBRARY = "libc++";
				CLANG_ENABLE_MODULES = YES;
				CLANG_ENABLE_OBJC_ARC = YES;
				CLANG_WARN_BOOL_CONVERSION = YES;
				CLANG_WARN_CONSTANT_CONVERSION = YES;
				CLANG_WARN_DIRECT_OBJC_ISA_USAGE = YES_ERROR;
				CLANG_WARN_DOCUMENTATION_COMMENTS = YES;
				CLANG_WARN_EMPTY_BODY = YES;
				CLANG_WARN_ENUM_CONVERSION = YES;
				CLANG_WARN_INFINITE_RECURSION = YES;
				CLANG_WARN_INT_CONVERSION = YES;
				CLANG_WARN_OBJC_ROOT_CLASS = YES_ERROR;
				CLANG_WARN_SUSPICIOUS_MOVE = YES;
				CLANG_WARN_UNREACHABLE_CODE = YES;
				CLANG_WARN__DUPLICATE_METHOD_MATCH = YES;
				"CODE_SIGN_IDENTITY[sdk=iphoneos*]" = "iPhone Developer";
				COPY_PHASE_STRIP = NO;
				DEBUG_INFORMATION_FORMAT = dwarf;
				ENABLE_STRICT_OBJC_MSGSEND = YES;
				ENABLE_TESTABILITY = YES;
				GCC_C_LANGUAGE_STANDARD = gnu99;
				GCC_DYNAMIC_NO_PIC = NO;
				GCC_NO_COMMON_BLOCKS = YES;
				GCC_OPTIMIZATION_LEVEL = 0;
				GCC_PREPROCESSOR_DEFINITIONS = (
					"DEBUG=1",
					"$(inherited)",
				);
				GCC_WARN_64_TO_32_BIT_CONVERSION = YES;
				GCC_WARN_ABOUT_RETURN_TYPE = YES_ERROR;
				GCC_WARN_UNDECLARED_SELECTOR = YES;
				GCC_WARN_UNINITIALIZED_AUTOS = YES_AGGRESSIVE;
				GCC_WARN_UNUSED_FUNCTION = YES;
				GCC_WARN_UNUSED_VARIABLE = YES;
				IPHONEOS_DEPLOYMENT_TARGET = 10.2;
				MTL_ENABLE_DEBUG_INFO = YES;
				ONLY_ACTIVE_ARCH = YES;
				SDKROOT = iphoneos;
				SWIFT_ACTIVE_COMPILATION_CONDITIONS = DEBUG;
				SWIFT_OPTIMIZATION_LEVEL = "-Onone";
				TARGETED_DEVICE_FAMILY = "1,2";
			};
			name = Debug;
		};
		FAC253571E4D365000E96896 /* Release */ = {
			isa = XCBuildConfiguration;
			buildSettings = {
				ALWAYS_SEARCH_USER_PATHS = NO;
				CLANG_ANALYZER_NONNULL = YES;
				CLANG_CXX_LANGUAGE_STANDARD = "gnu++0x";
				CLANG_CXX_LIBRARY = "libc++";
				CLANG_ENABLE_MODULES = YES;
				CLANG_ENABLE_OBJC_ARC = YES;
				CLANG_WARN_BOOL_CONVERSION = YES;
				CLANG_WARN_CONSTANT_CONVERSION = YES;
				CLANG_WARN_DIRECT_OBJC_ISA_USAGE = YES_ERROR;
				CLANG_WARN_DOCUMENTATION_COMMENTS = YES;
				CLANG_WARN_EMPTY_BODY = YES;
				CLANG_WARN_ENUM_CONVERSION = YES;
				CLANG_WARN_INFINITE_RECURSION = YES;
				CLANG_WARN_INT_CONVERSION = YES;
				CLANG_WARN_OBJC_ROOT_CLASS = YES_ERROR;
				CLANG_WARN_SUSPICIOUS_MOVE = YES;
				CLANG_WARN_UNREACHABLE_CODE = YES;
				CLANG_WARN__DUPLICATE_METHOD_MATCH = YES;
				"CODE_SIGN_IDENTITY[sdk=iphoneos*]" = "iPhone Developer";
				COPY_PHASE_STRIP = NO;
				DEBUG_INFORMATION_FORMAT = "dwarf-with-dsym";
				ENABLE_NS_ASSERTIONS = NO;
				ENABLE_STRICT_OBJC_MSGSEND = YES;
				GCC_C_LANGUAGE_STANDARD = gnu99;
				GCC_NO_COMMON_BLOCKS = YES;
				GCC_WARN_64_TO_32_BIT_CONVERSION = YES;
				GCC_WARN_ABOUT_RETURN_TYPE = YES_ERROR;
				GCC_WARN_UNDECLARED_SELECTOR = YES;
				GCC_WARN_UNINITIALIZED_AUTOS = YES_AGGRESSIVE;
				GCC_WARN_UNUSED_FUNCTION = YES;
				GCC_WARN_UNUSED_VARIABLE = YES;
				IPHONEOS_DEPLOYMENT_TARGET = 10.2;
				MTL_ENABLE_DEBUG_INFO = NO;
				SDKROOT = iphoneos;
				SWIFT_OPTIMIZATION_LEVEL = "-Owholemodule";
				TARGETED_DEVICE_FAMILY = "1,2";
				VALIDATE_PRODUCT = YES;
			};
			name = Release;
		};
		FAC253591E4D365000E96896 /* Debug */ = {
			isa = XCBuildConfiguration;
			buildSettings = {
				ASSETCATALOG_COMPILER_APPICON_NAME = AppIcon;
				DEVELOPMENT_TEAM = MZT79G64Z7;
				INFOPLIST_FILE = Ingredion/Info.plist;
				LD_RUNPATH_SEARCH_PATHS = "$(inherited) @executable_path/Frameworks";
				PRODUCT_BUNDLE_IDENTIFIER = com.executivegraphics.IngredionProductExplorer;
				PRODUCT_NAME = "$(TARGET_NAME)";
				SWIFT_VERSION = 3.0;
			};
			name = Debug;
		};
		FAC2535A1E4D365000E96896 /* Release */ = {
			isa = XCBuildConfiguration;
			buildSettings = {
				ASSETCATALOG_COMPILER_APPICON_NAME = AppIcon;
				DEVELOPMENT_TEAM = MZT79G64Z7;
				INFOPLIST_FILE = Ingredion/Info.plist;
				LD_RUNPATH_SEARCH_PATHS = "$(inherited) @executable_path/Frameworks";
				PRODUCT_BUNDLE_IDENTIFIER = com.executivegraphics.IngredionProductExplorer;
				PRODUCT_NAME = "$(TARGET_NAME)";
				SWIFT_VERSION = 3.0;
			};
			name = Release;
		};
/* End XCBuildConfiguration section */

/* Begin XCConfigurationList section */
		FAC2533F1E4D364F00E96896 /* Build configuration list for PBXProject "Ingredion" */ = {
			isa = XCConfigurationList;
			buildConfigurations = (
				FAC253561E4D365000E96896 /* Debug */,
				FAC253571E4D365000E96896 /* Release */,
			);
			defaultConfigurationIsVisible = 0;
			defaultConfigurationName = Release;
		};
		FAC253581E4D365000E96896 /* Build configuration list for PBXNativeTarget "Ingredion" */ = {
			isa = XCConfigurationList;
			buildConfigurations = (
				FAC253591E4D365000E96896 /* Debug */,
				FAC2535A1E4D365000E96896 /* Release */,
			);
			defaultConfigurationIsVisible = 0;
			defaultConfigurationName = Release;
		};
/* End XCConfigurationList section */
	};
	rootObject = FAC2533C1E4D364F00E96896 /* Project object */;
}
