// !$*UTF8*$!
{
	archiveVersion = 1;
	classes = {
	};
	objectVersion = 46;
	objects = {

/* Begin PBXBuildFile section */
		FA72E74F1E64742200B14F4A /* Assets.xcassets in Resources */ = {isa = PBXBuildFile; fileRef = FA72E74E1E64742200B14F4A /* Assets.xcassets */; };
		FA72E7521E647EC400B14F4A /* Localizable.strings in Resources */ = {isa = PBXBuildFile; fileRef = FA72E7501E647EC400B14F4A /* Localizable.strings */; };
		FA72E7541E6487F100B14F4A /* ModelExtensions.swift in Sources */ = {isa = PBXBuildFile; fileRef = FA72E7531E6487F100B14F4A /* ModelExtensions.swift */; };
		FA72E75D1E64A6D800B14F4A /* Image.swift in Sources */ = {isa = PBXBuildFile; fileRef = FA72E75C1E64A6D800B14F4A /* Image.swift */; };
		FA72E76A1E64E72A00B14F4A /* BookingTableCellType.swift in Sources */ = {isa = PBXBuildFile; fileRef = FA72E7691E64E72A00B14F4A /* BookingTableCellType.swift */; };
		FA72E76C1E64F24E00B14F4A /* BookingAttributes.swift in Sources */ = {isa = PBXBuildFile; fileRef = FA72E76B1E64F24E00B14F4A /* BookingAttributes.swift */; };
		FA72E7791E67169200B14F4A /* EGKit.framework in Frameworks */ = {isa = PBXBuildFile; fileRef = FA72E7781E67169200B14F4A /* EGKit.framework */; };
		FA72E77A1E67169200B14F4A /* EGKit.framework in Embed Frameworks */ = {isa = PBXBuildFile; fileRef = FA72E7781E67169200B14F4A /* EGKit.framework */; settings = {ATTRIBUTES = (CodeSignOnCopy, RemoveHeadersOnCopy, ); }; };
		FA737C8D1E633155003AA912 /* BookingsViewController.swift in Sources */ = {isa = PBXBuildFile; fileRef = FA737C8B1E633155003AA912 /* BookingsViewController.swift */; };
		FA737C8E1E633155003AA912 /* EditBookingViewController.swift in Sources */ = {isa = PBXBuildFile; fileRef = FA737C8C1E633155003AA912 /* EditBookingViewController.swift */; };
		FA737C931E6331E3003AA912 /* RecordsViewController.swift in Sources */ = {isa = PBXBuildFile; fileRef = FA737C921E6331E3003AA912 /* RecordsViewController.swift */; };
		FA8916021E62264C00F7FC88 /* grafixpool.xcdatamodeld in Sources */ = {isa = PBXBuildFile; fileRef = FA8916001E62264C00F7FC88 /* grafixpool.xcdatamodeld */; };
		FA9743111E6136960075FF0A /* AppDelegate.swift in Sources */ = {isa = PBXBuildFile; fileRef = FA9743101E6136960075FF0A /* AppDelegate.swift */; };
		FA9743151E6136960075FF0A /* SecondViewController.swift in Sources */ = {isa = PBXBuildFile; fileRef = FA9743141E6136960075FF0A /* SecondViewController.swift */; };
		FA9743181E6136960075FF0A /* Main.storyboard in Resources */ = {isa = PBXBuildFile; fileRef = FA9743161E6136960075FF0A /* Main.storyboard */; };
		FA97431D1E6136970075FF0A /* LaunchScreen.storyboard in Resources */ = {isa = PBXBuildFile; fileRef = FA97431B1E6136970075FF0A /* LaunchScreen.storyboard */; };
		FA97432B1E61E3900075FF0A /* DataStore.swift in Sources */ = {isa = PBXBuildFile; fileRef = FA97432A1E61E3900075FF0A /* DataStore.swift */; };
		FA97436D1E6225BE0075FF0A /* Record.swift in Sources */ = {isa = PBXBuildFile; fileRef = FA97436C1E6225BE0075FF0A /* Record.swift */; };
/* End PBXBuildFile section */

/* Begin PBXCopyFilesBuildPhase section */
		FA72E77B1E67169200B14F4A /* Embed Frameworks */ = {
			isa = PBXCopyFilesBuildPhase;
			buildActionMask = 2147483647;
			dstPath = "";
			dstSubfolderSpec = 10;
			files = (
				FA72E77A1E67169200B14F4A /* EGKit.framework in Embed Frameworks */,
			);
			name = "Embed Frameworks";
			runOnlyForDeploymentPostprocessing = 0;
		};
/* End PBXCopyFilesBuildPhase section */

/* Begin PBXFileReference section */
		FA72E74E1E64742200B14F4A /* Assets.xcassets */ = {isa = PBXFileReference; lastKnownFileType = folder.assetcatalog; path = Assets.xcassets; sourceTree = "<group>"; };
		FA72E7511E647EC400B14F4A /* Base */ = {isa = PBXFileReference; lastKnownFileType = text.plist.strings; name = Base; path = Base.lproj/Localizable.strings; sourceTree = "<group>"; };
		FA72E7531E6487F100B14F4A /* ModelExtensions.swift */ = {isa = PBXFileReference; fileEncoding = 4; lastKnownFileType = sourcecode.swift; path = ModelExtensions.swift; sourceTree = "<group>"; };
		FA72E75A1E64A60D00B14F4A /* EGKit.framework */ = {isa = PBXFileReference; lastKnownFileType = wrapper.framework; name = EGKit.framework; path = "../../../../Library/Developer/Xcode/DerivedData/ExecutiveGraphics-fixomzzdwbovqudtwltjuvgeixqy/Build/Products/Debug-iphonesimulator/EGKit.framework"; sourceTree = "<group>"; };
		FA72E75C1E64A6D800B14F4A /* Image.swift */ = {isa = PBXFileReference; fileEncoding = 4; lastKnownFileType = sourcecode.swift; path = Image.swift; sourceTree = "<group>"; };
		FA72E7691E64E72A00B14F4A /* BookingTableCellType.swift */ = {isa = PBXFileReference; fileEncoding = 4; lastKnownFileType = sourcecode.swift; path = BookingTableCellType.swift; sourceTree = "<group>"; };
		FA72E76B1E64F24E00B14F4A /* BookingAttributes.swift */ = {isa = PBXFileReference; fileEncoding = 4; lastKnownFileType = sourcecode.swift; path = BookingAttributes.swift; sourceTree = "<group>"; };
		FA72E7781E67169200B14F4A /* EGKit.framework */ = {isa = PBXFileReference; explicitFileType = wrapper.framework; path = EGKit.framework; sourceTree = BUILT_PRODUCTS_DIR; };
		FA737C8B1E633155003AA912 /* BookingsViewController.swift */ = {isa = PBXFileReference; fileEncoding = 4; lastKnownFileType = sourcecode.swift; path = BookingsViewController.swift; sourceTree = "<group>"; };
		FA737C8C1E633155003AA912 /* EditBookingViewController.swift */ = {isa = PBXFileReference; fileEncoding = 4; lastKnownFileType = sourcecode.swift; path = EditBookingViewController.swift; sourceTree = "<group>"; };
		FA737C921E6331E3003AA912 /* RecordsViewController.swift */ = {isa = PBXFileReference; fileEncoding = 4; lastKnownFileType = sourcecode.swift; path = RecordsViewController.swift; sourceTree = "<group>"; };
		FA8916011E62264C00F7FC88 /* grafixpool.xcdatamodel */ = {isa = PBXFileReference; lastKnownFileType = wrapper.xcdatamodel; path = grafixpool.xcdatamodel; sourceTree = "<group>"; };
		FA97430D1E6136960075FF0A /* grafixpool.app */ = {isa = PBXFileReference; explicitFileType = wrapper.application; includeInIndex = 0; path = grafixpool.app; sourceTree = BUILT_PRODUCTS_DIR; };
		FA9743101E6136960075FF0A /* AppDelegate.swift */ = {isa = PBXFileReference; lastKnownFileType = sourcecode.swift; path = AppDelegate.swift; sourceTree = "<group>"; };
		FA9743141E6136960075FF0A /* SecondViewController.swift */ = {isa = PBXFileReference; lastKnownFileType = sourcecode.swift; path = SecondViewController.swift; sourceTree = "<group>"; };
		FA9743171E6136960075FF0A /* Base */ = {isa = PBXFileReference; lastKnownFileType = file.storyboard; name = Base; path = Base.lproj/Main.storyboard; sourceTree = "<group>"; };
		FA97431C1E6136970075FF0A /* Base */ = {isa = PBXFileReference; lastKnownFileType = file.storyboard; name = Base; path = Base.lproj/LaunchScreen.storyboard; sourceTree = "<group>"; };
		FA97431E1E6136970075FF0A /* Info.plist */ = {isa = PBXFileReference; lastKnownFileType = text.plist.xml; path = Info.plist; sourceTree = "<group>"; };
		FA97432A1E61E3900075FF0A /* DataStore.swift */ = {isa = PBXFileReference; fileEncoding = 4; lastKnownFileType = sourcecode.swift; path = DataStore.swift; sourceTree = "<group>"; };
		FA9743381E61F6340075FF0A /* CoreData.framework */ = {isa = PBXFileReference; lastKnownFileType = wrapper.framework; name = CoreData.framework; path = System/Library/Frameworks/CoreData.framework; sourceTree = SDKROOT; };
		FA97436C1E6225BE0075FF0A /* Record.swift */ = {isa = PBXFileReference; fileEncoding = 4; lastKnownFileType = sourcecode.swift; path = Record.swift; sourceTree = "<group>"; };
/* End PBXFileReference section */

/* Begin PBXFrameworksBuildPhase section */
		FA97430A1E6136960075FF0A /* Frameworks */ = {
			isa = PBXFrameworksBuildPhase;
			buildActionMask = 2147483647;
			files = (
				FA72E7791E67169200B14F4A /* EGKit.framework in Frameworks */,
			);
			runOnlyForDeploymentPostprocessing = 0;
		};
/* End PBXFrameworksBuildPhase section */

/* Begin PBXGroup section */
		FA737C8A1E633155003AA912 /* Bookings */ = {
			isa = PBXGroup;
			children = (
				FA737C8B1E633155003AA912 /* BookingsViewController.swift */,
				FA737C8C1E633155003AA912 /* EditBookingViewController.swift */,
				FA72E7691E64E72A00B14F4A /* BookingTableCellType.swift */,
			);
			path = Bookings;
			sourceTree = "<group>";
		};
		FA737C911E6331E3003AA912 /* Common */ = {
			isa = PBXGroup;
			children = (
				FA737C921E6331E3003AA912 /* RecordsViewController.swift */,
				FA72E75C1E64A6D800B14F4A /* Image.swift */,
			);
			path = Common;
			sourceTree = "<group>";
		};
		FA9743041E6136960075FF0A = {
			isa = PBXGroup;
			children = (
				FA97430F1E6136960075FF0A /* grafixpool */,
				FA97430E1E6136960075FF0A /* Products */,
				FA9743371E61F6340075FF0A /* Frameworks */,
			);
			sourceTree = "<group>";
		};
		FA97430E1E6136960075FF0A /* Products */ = {
			isa = PBXGroup;
			children = (
				FA97430D1E6136960075FF0A /* grafixpool.app */,
			);
			name = Products;
			sourceTree = "<group>";
		};
		FA97430F1E6136960075FF0A /* grafixpool */ = {
			isa = PBXGroup;
			children = (
				FA9743271E61E33A0075FF0A /* Classes */,
				FA9743101E6136960075FF0A /* AppDelegate.swift */,
				FA9743141E6136960075FF0A /* SecondViewController.swift */,
				FA9743161E6136960075FF0A /* Main.storyboard */,
				FA72E7501E647EC400B14F4A /* Localizable.strings */,
				FA8916001E62264C00F7FC88 /* grafixpool.xcdatamodeld */,
				FA97431B1E6136970075FF0A /* LaunchScreen.storyboard */,
				FA72E74E1E64742200B14F4A /* Assets.xcassets */,
				FA97431E1E6136970075FF0A /* Info.plist */,
			);
			path = grafixpool;
			sourceTree = "<group>";
		};
		FA9743271E61E33A0075FF0A /* Classes */ = {
			isa = PBXGroup;
			children = (
				FA9743281E61E3780075FF0A /* Model */,
				FA9743291E61E3780075FF0A /* View */,
			);
			name = Classes;
			sourceTree = "<group>";
		};
		FA9743281E61E3780075FF0A /* Model */ = {
			isa = PBXGroup;
			children = (
				FA97432A1E61E3900075FF0A /* DataStore.swift */,
				FA97436C1E6225BE0075FF0A /* Record.swift */,
				FA72E7531E6487F100B14F4A /* ModelExtensions.swift */,
				FA72E76B1E64F24E00B14F4A /* BookingAttributes.swift */,
			);
			name = Model;
			path = Classes/Model;
			sourceTree = "<group>";
		};
		FA9743291E61E3780075FF0A /* View */ = {
			isa = PBXGroup;
			children = (
				FA737C911E6331E3003AA912 /* Common */,
				FA737C8A1E633155003AA912 /* Bookings */,
			);
			name = View;
			path = Classes/View;
			sourceTree = "<group>";
		};
		FA9743371E61F6340075FF0A /* Frameworks */ = {
			isa = PBXGroup;
			children = (
				FA72E7781E67169200B14F4A /* EGKit.framework */,
				FA72E75A1E64A60D00B14F4A /* EGKit.framework */,
				FA9743381E61F6340075FF0A /* CoreData.framework */,
			);
			name = Frameworks;
			sourceTree = "<group>";
		};
/* End PBXGroup section */

/* Begin PBXNativeTarget section */
		FA97430C1E6136960075FF0A /* grafixpool */ = {
			isa = PBXNativeTarget;
			buildConfigurationList = FA9743211E6136970075FF0A /* Build configuration list for PBXNativeTarget "grafixpool" */;
			buildPhases = (
				FA9743091E6136960075FF0A /* Sources */,
				FA97430A1E6136960075FF0A /* Frameworks */,
				FA97430B1E6136960075FF0A /* Resources */,
				FA72E77B1E67169200B14F4A /* Embed Frameworks */,
			);
			buildRules = (
			);
			dependencies = (
			);
			name = grafixpool;
			productName = grafixpool;
			productReference = FA97430D1E6136960075FF0A /* grafixpool.app */;
			productType = "com.apple.product-type.application";
		};
/* End PBXNativeTarget section */

/* Begin PBXProject section */
		FA9743051E6136960075FF0A /* Project object */ = {
			isa = PBXProject;
			attributes = {
				LastSwiftUpdateCheck = 0820;
				LastUpgradeCheck = 0820;
				ORGANIZATIONNAME = "Executive Graphics";
				TargetAttributes = {
					FA97430C1E6136960075FF0A = {
						CreatedOnToolsVersion = 8.2.1;
						DevelopmentTeam = MZT79G64Z7;
						ProvisioningStyle = Automatic;
					};
				};
			};
			buildConfigurationList = FA9743081E6136960075FF0A /* Build configuration list for PBXProject "grafixpool" */;
			compatibilityVersion = "Xcode 3.2";
			developmentRegion = English;
			hasScannedForEncodings = 0;
			knownRegions = (
				en,
				Base,
			);
			mainGroup = FA9743041E6136960075FF0A;
			productRefGroup = FA97430E1E6136960075FF0A /* Products */;
			projectDirPath = "";
			projectRoot = "";
			targets = (
				FA97430C1E6136960075FF0A /* grafixpool */,
			);
		};
/* End PBXProject section */

/* Begin PBXResourcesBuildPhase section */
		FA97430B1E6136960075FF0A /* Resources */ = {
			isa = PBXResourcesBuildPhase;
			buildActionMask = 2147483647;
			files = (
				FA97431D1E6136970075FF0A /* LaunchScreen.storyboard in Resources */,
				FA72E7521E647EC400B14F4A /* Localizable.strings in Resources */,
				FA72E74F1E64742200B14F4A /* Assets.xcassets in Resources */,
				FA9743181E6136960075FF0A /* Main.storyboard in Resources */,
			);
			runOnlyForDeploymentPostprocessing = 0;
		};
/* End PBXResourcesBuildPhase section */

/* Begin PBXSourcesBuildPhase section */
		FA9743091E6136960075FF0A /* Sources */ = {
			isa = PBXSourcesBuildPhase;
			buildActionMask = 2147483647;
			files = (
				FA97436D1E6225BE0075FF0A /* Record.swift in Sources */,
				FA72E76C1E64F24E00B14F4A /* BookingAttributes.swift in Sources */,
				FA72E7541E6487F100B14F4A /* ModelExtensions.swift in Sources */,
				FA9743151E6136960075FF0A /* SecondViewController.swift in Sources */,
				FA737C8D1E633155003AA912 /* BookingsViewController.swift in Sources */,
				FA97432B1E61E3900075FF0A /* DataStore.swift in Sources */,
				FA9743111E6136960075FF0A /* AppDelegate.swift in Sources */,
				FA8916021E62264C00F7FC88 /* grafixpool.xcdatamodeld in Sources */,
				FA737C8E1E633155003AA912 /* EditBookingViewController.swift in Sources */,
				FA737C931E6331E3003AA912 /* RecordsViewController.swift in Sources */,
				FA72E75D1E64A6D800B14F4A /* Image.swift in Sources */,
				FA72E76A1E64E72A00B14F4A /* BookingTableCellType.swift in Sources */,
			);
			runOnlyForDeploymentPostprocessing = 0;
		};
/* End PBXSourcesBuildPhase section */

/* Begin PBXVariantGroup section */
		FA72E7501E647EC400B14F4A /* Localizable.strings */ = {
			isa = PBXVariantGroup;
			children = (
				FA72E7511E647EC400B14F4A /* Base */,
			);
			name = Localizable.strings;
			sourceTree = "<group>";
		};
		FA9743161E6136960075FF0A /* Main.storyboard */ = {
			isa = PBXVariantGroup;
			children = (
				FA9743171E6136960075FF0A /* Base */,
			);
			name = Main.storyboard;
			sourceTree = "<group>";
		};
		FA97431B1E6136970075FF0A /* LaunchScreen.storyboard */ = {
			isa = PBXVariantGroup;
			children = (
				FA97431C1E6136970075FF0A /* Base */,
			);
			name = LaunchScreen.storyboard;
			sourceTree = "<group>";
		};
/* End PBXVariantGroup section */

/* Begin XCBuildConfiguration section */
		FA97431F1E6136970075FF0A /* Debug */ = {
			isa = XCBuildConfiguration;
			buildSettings = {
				ALWAYS_SEARCH_USER_PATHS = NO;
				CLANG_ANALYZER_NONNULL = YES;
				CLANG_CXX_LANGUAGE_STANDARD = "gnu++0x";
				CLANG_CXX_LIBRARY = "libc++";
				CLANG_ENABLE_MODULES = YES;
				CLANG_ENABLE_OBJC_ARC = YES;
				CLANG_WARN_BOOL_CONVERSION = YES;
				CLANG_WARN_CONSTANT_CONVERSION = YES;
				CLANG_WARN_DIRECT_OBJC_ISA_USAGE = YES_ERROR;
				CLANG_WARN_DOCUMENTATION_COMMENTS = YES;
				CLANG_WARN_EMPTY_BODY = YES;
				CLANG_WARN_ENUM_CONVERSION = YES;
				CLANG_WARN_INFINITE_RECURSION = YES;
				CLANG_WARN_INT_CONVERSION = YES;
				CLANG_WARN_OBJC_ROOT_CLASS = YES_ERROR;
				CLANG_WARN_SUSPICIOUS_MOVE = YES;
				CLANG_WARN_UNREACHABLE_CODE = YES;
				CLANG_WARN__DUPLICATE_METHOD_MATCH = YES;
				"CODE_SIGN_IDENTITY[sdk=iphoneos*]" = "iPhone Developer";
				COPY_PHASE_STRIP = NO;
				DEBUG_INFORMATION_FORMAT = dwarf;
				ENABLE_STRICT_OBJC_MSGSEND = YES;
				ENABLE_TESTABILITY = YES;
				GCC_C_LANGUAGE_STANDARD = gnu99;
				GCC_DYNAMIC_NO_PIC = NO;
				GCC_NO_COMMON_BLOCKS = YES;
				GCC_OPTIMIZATION_LEVEL = 0;
				GCC_PREPROCESSOR_DEFINITIONS = (
					"DEBUG=1",
					"$(inherited)",
				);
				GCC_WARN_64_TO_32_BIT_CONVERSION = YES;
				GCC_WARN_ABOUT_RETURN_TYPE = YES_ERROR;
				GCC_WARN_UNDECLARED_SELECTOR = YES;
				GCC_WARN_UNINITIALIZED_AUTOS = YES_AGGRESSIVE;
				GCC_WARN_UNUSED_FUNCTION = YES;
				GCC_WARN_UNUSED_VARIABLE = YES;
				IPHONEOS_DEPLOYMENT_TARGET = 10.2;
				MTL_ENABLE_DEBUG_INFO = YES;
				ONLY_ACTIVE_ARCH = YES;
				SDKROOT = iphoneos;
				SWIFT_ACTIVE_COMPILATION_CONDITIONS = DEBUG;
				SWIFT_OPTIMIZATION_LEVEL = "-Onone";
				TARGETED_DEVICE_FAMILY = "1,2";
			};
			name = Debug;
		};
		FA9743201E6136970075FF0A /* Release */ = {
			isa = XCBuildConfiguration;
			buildSettings = {
				ALWAYS_SEARCH_USER_PATHS = NO;
				CLANG_ANALYZER_NONNULL = YES;
				CLANG_CXX_LANGUAGE_STANDARD = "gnu++0x";
				CLANG_CXX_LIBRARY = "libc++";
				CLANG_ENABLE_MODULES = YES;
				CLANG_ENABLE_OBJC_ARC = YES;
				CLANG_WARN_BOOL_CONVERSION = YES;
				CLANG_WARN_CONSTANT_CONVERSION = YES;
				CLANG_WARN_DIRECT_OBJC_ISA_USAGE = YES_ERROR;
				CLANG_WARN_DOCUMENTATION_COMMENTS = YES;
				CLANG_WARN_EMPTY_BODY = YES;
				CLANG_WARN_ENUM_CONVERSION = YES;
				CLANG_WARN_INFINITE_RECURSION = YES;
				CLANG_WARN_INT_CONVERSION = YES;
				CLANG_WARN_OBJC_ROOT_CLASS = YES_ERROR;
				CLANG_WARN_SUSPICIOUS_MOVE = YES;
				CLANG_WARN_UNREACHABLE_CODE = YES;
				CLANG_WARN__DUPLICATE_METHOD_MATCH = YES;
				"CODE_SIGN_IDENTITY[sdk=iphoneos*]" = "iPhone Developer";
				COPY_PHASE_STRIP = NO;
				DEBUG_INFORMATION_FORMAT = "dwarf-with-dsym";
				ENABLE_NS_ASSERTIONS = NO;
				ENABLE_STRICT_OBJC_MSGSEND = YES;
				GCC_C_LANGUAGE_STANDARD = gnu99;
				GCC_NO_COMMON_BLOCKS = YES;
				GCC_WARN_64_TO_32_BIT_CONVERSION = YES;
				GCC_WARN_ABOUT_RETURN_TYPE = YES_ERROR;
				GCC_WARN_UNDECLARED_SELECTOR = YES;
				GCC_WARN_UNINITIALIZED_AUTOS = YES_AGGRESSIVE;
				GCC_WARN_UNUSED_FUNCTION = YES;
				GCC_WARN_UNUSED_VARIABLE = YES;
				IPHONEOS_DEPLOYMENT_TARGET = 10.2;
				MTL_ENABLE_DEBUG_INFO = NO;
				SDKROOT = iphoneos;
				SWIFT_OPTIMIZATION_LEVEL = "-Owholemodule";
				TARGETED_DEVICE_FAMILY = "1,2";
				VALIDATE_PRODUCT = YES;
			};
			name = Release;
		};
		FA9743221E6136970075FF0A /* Debug */ = {
			isa = XCBuildConfiguration;
			buildSettings = {
				ASSETCATALOG_COMPILER_APPICON_NAME = AppIcon;
				DEVELOPMENT_TEAM = MZT79G64Z7;
				INFOPLIST_FILE = grafixpool/Info.plist;
				LD_RUNPATH_SEARCH_PATHS = "$(inherited) @executable_path/Frameworks";
				PRODUCT_BUNDLE_IDENTIFIER = com.executivegraphics.grafixpool;
				PRODUCT_NAME = "$(TARGET_NAME)";
				SWIFT_VERSION = 3.0;
			};
			name = Debug;
		};
		FA9743231E6136970075FF0A /* Release */ = {
			isa = XCBuildConfiguration;
			buildSettings = {
				ASSETCATALOG_COMPILER_APPICON_NAME = AppIcon;
				DEVELOPMENT_TEAM = MZT79G64Z7;
				INFOPLIST_FILE = grafixpool/Info.plist;
				LD_RUNPATH_SEARCH_PATHS = "$(inherited) @executable_path/Frameworks";
				PRODUCT_BUNDLE_IDENTIFIER = com.executivegraphics.grafixpool;
				PRODUCT_NAME = "$(TARGET_NAME)";
				SWIFT_VERSION = 3.0;
			};
			name = Release;
		};
/* End XCBuildConfiguration section */

/* Begin XCConfigurationList section */
		FA9743081E6136960075FF0A /* Build configuration list for PBXProject "grafixpool" */ = {
			isa = XCConfigurationList;
			buildConfigurations = (
				FA97431F1E6136970075FF0A /* Debug */,
				FA9743201E6136970075FF0A /* Release */,
			);
			defaultConfigurationIsVisible = 0;
			defaultConfigurationName = Release;
		};
		FA9743211E6136970075FF0A /* Build configuration list for PBXNativeTarget "grafixpool" */ = {
			isa = XCConfigurationList;
			buildConfigurations = (
				FA9743221E6136970075FF0A /* Debug */,
				FA9743231E6136970075FF0A /* Release */,
			);
			defaultConfigurationIsVisible = 0;
			defaultConfigurationName = Release;
		};
/* End XCConfigurationList section */

/* Begin XCVersionGroup section */
		FA8916001E62264C00F7FC88 /* grafixpool.xcdatamodeld */ = {
			isa = XCVersionGroup;
			children = (
				FA8916011E62264C00F7FC88 /* grafixpool.xcdatamodel */,
			);
			currentVersion = FA8916011E62264C00F7FC88 /* grafixpool.xcdatamodel */;
			path = grafixpool.xcdatamodeld;
			sourceTree = "<group>";
			versionGroupType = wrapper.xcdatamodel;
		};
/* End XCVersionGroup section */
	};
	rootObject = FA9743051E6136960075FF0A /* Project object */;
}
